Microsoft Visual Studio Solution File, Format Version 12.00
# Visual Studio Version 17
VisualStudioVersion = 17.0.31903.59
MinimumVisualStudioVersion = 10.0.40219.1
Project("{FAE04EC0-301F-11D3-BF4B-00C04F79EFBC}") = "ChromaDB.NET", "ChromaDB.NET\ChromaDB.NET.csproj", "{1C8F85A1-EFDE-4C88-B0CE-B797F7DDF87D}"
EndProject
Project("{2150E333-8FDC-42A3-9474-1A3956D46DE8}") = "Tests", "Tests", "{3A322D24-5D1D-4103-B542-7771B578D837}"
EndProject
Project("{FAE04EC0-301F-11D3-BF4B-00C04F79EFBC}") = "ChromaDB.NET.Tests", "Tests\ChromaDB.NET.Tests\ChromaDB.NET.Tests.csproj", "{7D70C24C-495F-472B-ADD4-E750D1C3092B}"
EndProject
Project("{2150E333-8FDC-42A3-9474-1A3956D46DE8}") = "Examples", "Examples", "{B65E4F38-7033-4B28-826E-737ABE938598}"
EndProject
Project("{FAE04EC0-301F-11D3-BF4B-00C04F79EFBC}") = "BasicExample", "Examples\BasicExample\BasicExample.csproj", "{F20C4C29-722B-410B-AF29-0DCCA5B49CFF}"
EndProject
Global
	GlobalSection(SolutionConfigurationPlatforms) = preSolution
		Debug|Any CPU = Debug|Any CPU
		Release|Any CPU = Release|Any CPU
	EndGlobalSection
	GlobalSection(SolutionProperties) = preSolution
		HideSolutionNode = FALSE
	EndGlobalSection
	GlobalSection(ProjectConfigurationPlatforms) = postSolution
		{7D70C24C-495F-472B-ADD4-E750D1C3092B}.Debug|Any CPU.ActiveCfg = Debug|Any CPU
		{7D70C24C-495F-472B-ADD4-E750D1C3092B}.Debug|Any CPU.Build.0 = Debug|Any CPU
		{7D70C24C-495F-472B-ADD4-E750D1C3092B}.Release|Any CPU.ActiveCfg = Release|Any CPU
		{7D70C24C-495F-472B-ADD4-E750D1C3092B}.Release|Any CPU.Build.0 = Release|Any CPU
		{F20C4C29-722B-410B-AF29-0DCCA5B49CFF}.Debug|Any CPU.ActiveCfg = Debug|Any CPU
		{F20C4C29-722B-410B-AF29-0DCCA5B49CFF}.Debug|Any CPU.Build.0 = Debug|Any CPU
		{F20C4C29-722B-410B-AF29-0DCCA5B49CFF}.Release|Any CPU.ActiveCfg = Release|Any CPU
		{F20C4C29-722B-410B-AF29-0DCCA5B49CFF}.Release|Any CPU.Build.0 = Release|Any CPU
	EndGlobalSection
	GlobalSection(NestedProjects) = preSolution
		{7D70C24C-495F-472B-ADD4-E750D1C3092B} = {3A322D24-5D1D-4103-B542-7771B578D837}
		{F20C4C29-722B-410B-AF29-0DCCA5B49CFF} = {B65E4F38-7033-4B28-826E-737ABE938598}
	EndGlobalSection
EndGlobal
